
Microsoft Visual Studio Solution File, Format Version 12.00
# Visual Studio Version 17
VisualStudioVersion = 17.9.34728.123
MinimumVisualStudioVersion = 10.0.40219.1
Project("{FAE04EC0-301F-11D3-BF4B-00C04F79EFBC}") = "Pet Adoption App", "Pet Adoption App.csproj", "{2912AD97-321E-4140-AC04-C40BD88AAEDA}"
EndProject
Global
	GlobalSection(SolutionConfigurationPlatforms) = preSolution
		Debug|Any CPU = Debug|Any CPU
		Release|Any CPU = Release|Any CPU
	EndGlobalSection
	GlobalSection(ProjectConfigurationPlatforms) = postSolution
		{2912AD97-321E-4140-AC04-C40BD88AAEDA}.Debug|Any CPU.ActiveCfg = Debug|Any CPU
		{2912AD97-321E-4140-AC04-C40BD88AAEDA}.Debug|Any CPU.Build.0 = Debug|Any CPU
		{2912AD97-321E-4140-AC04-C40BD88AAEDA}.Release|Any CPU.ActiveCfg = Release|Any CPU
		{2912AD97-321E-4140-AC04-C40BD88AAEDA}.Release|Any CPU.Build.0 = Release|Any CPU
	EndGlobalSection
	GlobalSection(SolutionProperties) = preSolution
		HideSolutionNode = FALSE
	EndGlobalSection
	GlobalSection(ExtensibilityGlobals) = postSolution
		SolutionGuid = {19BDF140-29AC-4354-A219-60E166EEEA98}
	EndGlobalSection
EndGlobal
